// !$*UTF8*$!
{
	archiveVersion = 1;
	classes = {
	};
	objectVersion = 56;
	objects = {

/* Begin PBXBuildFile section */
		A1000001 /* ChatboxApp.swift in Sources */ = {isa = PBXBuildFile; fileRef = B1000001 /* ChatboxApp.swift */; };
		A1000002 /* ContentView.swift in Sources */ = {isa = PBXBuildFile; fileRef = B1000002 /* ContentView.swift */; };
		A1000003 /* Message.swift in Sources */ = {isa = PBXBuildFile; fileRef = B1000003 /* Message.swift */; };
		A1000004 /* ChatViewModel.swift in Sources */ = {isa = PBXBuildFile; fileRef = B1000004 /* ChatViewModel.swift */; };
		A1000008 /* APIService.swift in Sources */ = {isa = PBXBuildFile; fileRef = B1000008 /* APIService.swift */; };
		A1000009 /* Assets.xcassets in Resources */ = {isa = PBXBuildFile; fileRef = B1000009 /* Assets.xcassets */; };
		A100000A /* Preview Assets.xcassets in Resources */ = {isa = PBXBuildFile; fileRef = B100000A /* Preview Assets.xcassets */; };
		A1000010 /* OnboardingFlow.swift in Sources */ = {isa = PBXBuildFile; fileRef = B1000010 /* OnboardingFlow.swift */; };
		A1000011 /* FinancialAutopsyView.swift in Sources */ = {isa = PBXBuildFile; fileRef = B1000011 /* FinancialAutopsyView.swift */; };
		A1000012 /* SubscriptionDashboard.swift in Sources */ = {isa = PBXBuildFile; fileRef = B1000012 /* SubscriptionDashboard.swift */; };
		A1000013 /* TrialSentinelView.swift in Sources */ = {isa = PBXBuildFile; fileRef = B1000013 /* TrialSentinelView.swift */; };
		A1000014 /* AlertsView.swift in Sources */ = {isa = PBXBuildFile; fileRef = B1000014 /* AlertsView.swift */; };
		A1000015 /* CardManagementView.swift in Sources */ = {isa = PBXBuildFile; fileRef = B1000015 /* CardManagementView.swift */; };
		A1000016 /* SettingsView.swift in Sources */ = {isa = PBXBuildFile; fileRef = B1000016 /* SettingsView.swift */; };
		A1000017 /* OpenRouterService.swift in Sources */ = {isa = PBXBuildFile; fileRef = B1000017 /* OpenRouterService.swift */; };
		A1000018 /* OpenRouterModels.swift in Sources */ = {isa = PBXBuildFile; fileRef = B1000018 /* OpenRouterModels.swift */; };
		A1000019 /* OpenClawPipelines.swift in Sources */ = {isa = PBXBuildFile; fileRef = B1000019 /* OpenClawPipelines.swift */; };
		A100001A /* PipelineStatusView.swift in Sources */ = {isa = PBXBuildFile; fileRef = B100001A /* PipelineStatusView.swift */; };
/* End PBXBuildFile section */

/* Begin PBXFileReference section */
		B1000001 /* ChatboxApp.swift */ = {isa = PBXFileReference; lastKnownFileType = sourcecode.swift; path = ChatboxApp.swift; sourceTree = "<group>"; };
		B1000002 /* ContentView.swift */ = {isa = PBXFileReference; lastKnownFileType = sourcecode.swift; path = ContentView.swift; sourceTree = "<group>"; };
		B1000003 /* Message.swift */ = {isa = PBXFileReference; lastKnownFileType = sourcecode.swift; path = Message.swift; sourceTree = "<group>"; };
		B1000004 /* ChatViewModel.swift */ = {isa = PBXFileReference; lastKnownFileType = sourcecode.swift; path = ChatViewModel.swift; sourceTree = "<group>"; };
		B1000008 /* APIService.swift */ = {isa = PBXFileReference; lastKnownFileType = sourcecode.swift; path = APIService.swift; sourceTree = "<group>"; };
		B1000009 /* Assets.xcassets */ = {isa = PBXFileReference; lastKnownFileType = folder.assetcatalog; path = Assets.xcassets; sourceTree = "<group>"; };
		B100000A /* Preview Assets.xcassets */ = {isa = PBXFileReference; lastKnownFileType = folder.assetcatalog; path = "Preview Assets.xcassets"; sourceTree = "<group>"; };
		B1000010 /* OnboardingFlow.swift */ = {isa = PBXFileReference; lastKnownFileType = sourcecode.swift; path = OnboardingFlow.swift; sourceTree = "<group>"; };
		B1000011 /* FinancialAutopsyView.swift */ = {isa = PBXFileReference; lastKnownFileType = sourcecode.swift; path = FinancialAutopsyView.swift; sourceTree = "<group>"; };
		B1000012 /* SubscriptionDashboard.swift */ = {isa = PBXFileReference; lastKnownFileType = sourcecode.swift; path = SubscriptionDashboard.swift; sourceTree = "<group>"; };
		B1000013 /* TrialSentinelView.swift */ = {isa = PBXFileReference; lastKnownFileType = sourcecode.swift; path = TrialSentinelView.swift; sourceTree = "<group>"; };
		B1000014 /* AlertsView.swift */ = {isa = PBXFileReference; lastKnownFileType = sourcecode.swift; path = AlertsView.swift; sourceTree = "<group>"; };
		B1000015 /* CardManagementView.swift */ = {isa = PBXFileReference; lastKnownFileType = sourcecode.swift; path = CardManagementView.swift; sourceTree = "<group>"; };
		B1000016 /* SettingsView.swift */ = {isa = PBXFileReference; lastKnownFileType = sourcecode.swift; path = SettingsView.swift; sourceTree = "<group>"; };
		B1000017 /* OpenRouterService.swift */ = {isa = PBXFileReference; lastKnownFileType = sourcecode.swift; path = OpenRouterService.swift; sourceTree = "<group>"; };
		B1000018 /* OpenRouterModels.swift */ = {isa = PBXFileReference; lastKnownFileType = sourcecode.swift; path = OpenRouterModels.swift; sourceTree = "<group>"; };
		B1000019 /* OpenClawPipelines.swift */ = {isa = PBXFileReference; lastKnownFileType = sourcecode.swift; path = OpenClawPipelines.swift; sourceTree = "<group>"; };
		B100001A /* PipelineStatusView.swift */ = {isa = PBXFileReference; lastKnownFileType = sourcecode.swift; path = PipelineStatusView.swift; sourceTree = "<group>"; };
		C1000001 /* Chatbox.app */ = {isa = PBXFileReference; explicitFileType = wrapper.application; includeInIndex = 0; path = Chatbox.app; sourceTree = BUILT_PRODUCTS_DIR; };
/* End PBXFileReference section */

/* Begin PBXFrameworksBuildPhase section */
		D1000001 /* Frameworks */ = {
			isa = PBXFrameworksBuildPhase;
			buildActionMask = 2147483647;
			files = (
			);
			runOnlyForDeploymentPostprocessing = 0;
		};
/* End PBXFrameworksBuildPhase section */

/* Begin PBXGroup section */
		E1000001 = {
			isa = PBXGroup;
			children = (
				E1000002 /* Chatbox */,
				E1000007 /* Products */,
			);
			sourceTree = "<group>";
		};
		E1000002 /* Chatbox */ = {
			isa = PBXGroup;
			children = (
				B1000001 /* ChatboxApp.swift */,
				B1000002 /* ContentView.swift */,
				E1000003 /* Models */,
				E1000004 /* Views */,
				E1000005 /* Services */,
				B1000009 /* Assets.xcassets */,
				E1000006 /* Preview Content */,
			);
			path = Chatbox;
			sourceTree = "<group>";
		};
		E1000003 /* Models */ = {
			isa = PBXGroup;
			children = (
				B1000003 /* Message.swift */,
				B1000004 /* ChatViewModel.swift */,
			);
			path = Models;
			sourceTree = "<group>";
		};
		E1000004 /* Views */ = {
			isa = PBXGroup;
			children = (
				E1000008 /* Onboarding */,
				E1000009 /* Autopsy */,
				E100000A /* Dashboard */,
				E100000B /* Sentinel */,
				E100000C /* Alerts */,
				E100000D /* Cards */,
				E100000E /* Settings */,
			);
			path = Views;
			sourceTree = "<group>";
		};
		E1000005 /* Services */ = {
			isa = PBXGroup;
			children = (
				B1000008 /* APIService.swift */,
				E100000F /* OpenRouter */,
				E1000020 /* OpenClaw */,
			);
			path = Services;
			sourceTree = "<group>";
		};
		E100000F /* OpenRouter */ = {
			isa = PBXGroup;
			children = (
				B1000017 /* OpenRouterService.swift */,
				B1000018 /* OpenRouterModels.swift */,
			);
			path = OpenRouter;
			sourceTree = "<group>";
		};
		E1000020 /* OpenClaw */ = {
			isa = PBXGroup;
			children = (
				B1000019 /* OpenClawPipelines.swift */,
			);
			path = OpenClaw;
			sourceTree = "<group>";
		};
		E1000006 /* Preview Content */ = {
			isa = PBXGroup;
			children = (
				B100000A /* Preview Assets.xcassets */,
			);
			path = "Preview Content";
			sourceTree = "<group>";
		};
		E1000007 /* Products */ = {
			isa = PBXGroup;
			children = (
				C1000001 /* Chatbox.app */,
			);
			name = Products;
			sourceTree = "<group>";
		};
		E1000008 /* Onboarding */ = {
			isa = PBXGroup;
			children = (
				B1000010 /* OnboardingFlow.swift */,
			);
			path = Onboarding;
			sourceTree = "<group>";
		};
		E1000009 /* Autopsy */ = {
			isa = PBXGroup;
			children = (
				B1000011 /* FinancialAutopsyView.swift */,
			);
			path = Autopsy;
			sourceTree = "<group>";
		};
		E100000A /* Dashboard */ = {
			isa = PBXGroup;
			children = (
				B1000012 /* SubscriptionDashboard.swift */,
			);
			path = Dashboard;
			sourceTree = "<group>";
		};
		E100000B /* Sentinel */ = {
			isa = PBXGroup;
			children = (
				B1000013 /* TrialSentinelView.swift */,
			);
			path = Sentinel;
			sourceTree = "<group>";
		};
		E100000C /* Alerts */ = {
			isa = PBXGroup;
			children = (
				B1000014 /* AlertsView.swift */,
			);
			path = Alerts;
			sourceTree = "<group>";
		};
		E100000D /* Cards */ = {
			isa = PBXGroup;
			children = (
				B1000015 /* CardManagementView.swift */,
			);
			path = Cards;
			sourceTree = "<group>";
		};
		E100000E /* Settings */ = {
			isa = PBXGroup;
			children = (
				B1000016 /* SettingsView.swift */,
				B100001A /* PipelineStatusView.swift */,
			);
			path = Settings;
			sourceTree = "<group>";
		};
/* End PBXGroup section */

/* Begin PBXNativeTarget section */
		F1000001 /* Chatbox */ = {
			isa = PBXNativeTarget;
			buildConfigurationList = G1000003 /* Build configuration list for PBXNativeTarget "Chatbox" */;
			buildPhases = (
				F1000002 /* Sources */,
				D1000001 /* Frameworks */,
				F1000003 /* Resources */,
			);
			buildRules = (
			);
			dependencies = (
			);
			name = Chatbox;
			productName = Chatbox;
			productReference = C1000001 /* Chatbox.app */;
			productType = "com.apple.product-type.application";
		};
/* End PBXNativeTarget section */

/* Begin PBXProject section */
		H1000001 /* Project object */ = {
			isa = PBXProject;
			attributes = {
				BuildIndependentTargetsInParallel = 1;
				LastSwiftUpdateCheck = 1500;
				LastUpgradeCheck = 1500;
				TargetAttributes = {
					F1000001 = {
						CreatedOnToolsVersion = 15.0;
					};
				};
			};
			buildConfigurationList = G1000001 /* Build configuration list for PBXProject "Chatbox" */;
			compatibilityVersion = "Xcode 14.0";
			developmentRegion = en;
			hasScannedForEncodings = 0;
			knownRegions = (
				en,
				Base,
			);
			mainGroup = E1000001;
			productRefGroup = E1000007 /* Products */;
			projectDirPath = "";
			projectRoot = "";
			targets = (
				F1000001 /* Chatbox */,
			);
		};
/* End PBXProject section */

/* Begin PBXResourcesBuildPhase section */
		F1000003 /* Resources */ = {
			isa = PBXResourcesBuildPhase;
			buildActionMask = 2147483647;
			files = (
				A1000009 /* Assets.xcassets in Resources */,
				A100000A /* Preview Assets.xcassets in Resources */,
			);
			runOnlyForDeploymentPostprocessing = 0;
		};
/* End PBXResourcesBuildPhase section */

/* Begin PBXSourcesBuildPhase section */
		F1000002 /* Sources */ = {
			isa = PBXSourcesBuildPhase;
			buildActionMask = 2147483647;
			files = (
				A1000001 /* ChatboxApp.swift in Sources */,
				A1000002 /* ContentView.swift in Sources */,
				A1000003 /* Message.swift in Sources */,
				A1000004 /* ChatViewModel.swift in Sources */,
				A1000008 /* APIService.swift in Sources */,
				A1000010 /* OnboardingFlow.swift in Sources */,
				A1000011 /* FinancialAutopsyView.swift in Sources */,
				A1000012 /* SubscriptionDashboard.swift in Sources */,
				A1000013 /* TrialSentinelView.swift in Sources */,
				A1000014 /* AlertsView.swift in Sources */,
				A1000015 /* CardManagementView.swift in Sources */,
				A1000016 /* SettingsView.swift in Sources */,
				A1000017 /* OpenRouterService.swift in Sources */,
				A1000018 /* OpenRouterModels.swift in Sources */,
				A1000019 /* OpenClawPipelines.swift in Sources */,
				A100001A /* PipelineStatusView.swift in Sources */,
			);
			runOnlyForDeploymentPostprocessing = 0;
		};
/* End PBXSourcesBuildPhase section */

/* Begin XCBuildConfiguration section */
		G1000004 /* Debug */ = {
			isa = XCBuildConfiguration;
			buildSettings = {
				ALWAYS_SEARCH_USER_PATHS = NO;
				ASSETCATALOG_COMPILER_GENERATE_SWIFT_ASSET_SYMBOL_EXTENSIONS = YES;
				CLANG_ANALYZER_NONNULL = YES;
				CLANG_ANALYZER_NUMBER_OBJECT_CONVERSION = YES_AGGRESSIVE;
				CLANG_CXX_LANGUAGE_STANDARD = "gnu++20";
				CLANG_ENABLE_MODULES = YES;
				CLANG_ENABLE_OBJC_ARC = YES;
				CLANG_ENABLE_OBJC_WEAK = YES;
				CLANG_WARN_BLOCK_CAPTURE_AUTORELEASING = YES;
				CLANG_WARN_BOOL_CONVERSION = YES;
				CLANG_WARN_COMMA = YES;
				CLANG_WARN_CONSTANT_CONVERSION = YES;
				CLANG_WARN_DEPRECATED_OBJC_IMPLEMENTATIONS = YES;
				CLANG_WARN_DIRECT_OBJC_ISA_USAGE = YES_ERROR;
				CLANG_WARN_DOCUMENTATION_COMMENTS = YES;
				CLANG_WARN_EMPTY_BODY = YES;
				CLANG_WARN_ENUM_CONVERSION = YES;
				CLANG_WARN_INFINITE_RECURSION = YES;
				CLANG_WARN_INT_CONVERSION = YES;
				CLANG_WARN_NON_LITERAL_NULL_CONVERSION = YES;
				CLANG_WARN_OBJC_IMPLICIT_RETAIN_SELF = YES;
				CLANG_WARN_OBJC_LITERAL_CONVERSION = YES;
				CLANG_WARN_OBJC_ROOT_CLASS = YES_ERROR;
				CLANG_WARN_QUOTED_INCLUDE_IN_FRAMEWORK_HEADER = YES;
				CLANG_WARN_RANGE_LOOP_ANALYSIS = YES;
				CLANG_WARN_STRICT_PROTOTYPES = YES;
				CLANG_WARN_SUSPICIOUS_MOVE = YES;
				CLANG_WARN_UNGUARDED_AVAILABILITY = YES_AGGRESSIVE;
				CLANG_WARN_UNREACHABLE_CODE = YES;
				CLANG_WARN__DUPLICATE_METHOD_MATCH = YES;
				COPY_PHASE_STRIP = NO;
				DEBUG_INFORMATION_FORMAT = dwarf;
				ENABLE_STRICT_OBJC_MSGSEND = YES;
				ENABLE_TESTABILITY = YES;
				ENABLE_USER_SCRIPT_SANDBOXING = YES;
				GCC_C_LANGUAGE_STANDARD = gnu17;
				GCC_DYNAMIC_NO_PIC = NO;
				GCC_NO_COMMON_BLOCKS = YES;
				GCC_OPTIMIZATION_LEVEL = 0;
				GCC_PREPROCESSOR_DEFINITIONS = (
					"DEBUG=1",
					"$(inherited)",
				);
				GCC_WARN_64_TO_32_BIT_CONVERSION = YES;
				GCC_WARN_ABOUT_RETURN_TYPE = YES_ERROR;
				GCC_WARN_UNDECLARED_SELECTOR = YES;
				GCC_WARN_UNINITIALIZED_AUTOS = YES_AGGRESSIVE;
				GCC_WARN_UNUSED_FUNCTION = YES;
				GCC_WARN_UNUSED_VARIABLE = YES;
				IPHONEOS_DEPLOYMENT_TARGET = 17.0;
				LOCALIZATION_PREFERS_STRING_CATALOGS = YES;
				MTL_ENABLE_DEBUG_INFO = INCLUDE_SOURCE;
				MTL_FAST_MATH = YES;
				ONLY_ACTIVE_ARCH = YES;
				SDKROOT = iphoneos;
				SWIFT_ACTIVE_COMPILATION_CONDITIONS = "DEBUG $(inherited)";
				SWIFT_OPTIMIZATION_LEVEL = "-Onone";
			};
			name = Debug;
		};
		G1000005 /* Release */ = {
			isa = XCBuildConfiguration;
			buildSettings = {
				ALWAYS_SEARCH_USER_PATHS = NO;
				ASSETCATALOG_COMPILER_GENERATE_SWIFT_ASSET_SYMBOL_EXTENSIONS = YES;
				CLANG_ANALYZER_NONNULL = YES;
				CLANG_ANALYZER_NUMBER_OBJECT_CONVERSION = YES_AGGRESSIVE;
				CLANG_CXX_LANGUAGE_STANDARD = "gnu++20";
				CLANG_ENABLE_MODULES = YES;
				CLANG_ENABLE_OBJC_ARC = YES;
				CLANG_ENABLE_OBJC_WEAK = YES;
				CLANG_WARN_BLOCK_CAPTURE_AUTORELEASING = YES;
				CLANG_WARN_BOOL_CONVERSION = YES;
				CLANG_WARN_COMMA = YES;
				CLANG_WARN_CONSTANT_CONVERSION = YES;
				CLANG_WARN_DEPRECATED_OBJC_IMPLEMENTATIONS = YES;
				CLANG_WARN_DIRECT_OBJC_ISA_USAGE = YES_ERROR;
				CLANG_WARN_DOCUMENTATION_COMMENTS = YES;
				CLANG_WARN_EMPTY_BODY = YES;
				CLANG_WARN_ENUM_CONVERSION = YES;
				CLANG_WARN_INFINITE_RECURSION = YES;
				CLANG_WARN_INT_CONVERSION = YES;
				CLANG_WARN_NON_LITERAL_NULL_CONVERSION = YES;
				CLANG_WARN_OBJC_IMPLICIT_RETAIN_SELF = YES;
				CLANG_WARN_OBJC_LITERAL_CONVERSION = YES;
				CLANG_WARN_OBJC_ROOT_CLASS = YES_ERROR;
				CLANG_WARN_QUOTED_INCLUDE_IN_FRAMEWORK_HEADER = YES;
				CLANG_WARN_RANGE_LOOP_ANALYSIS = YES;
				CLANG_WARN_STRICT_PROTOTYPES = YES;
				CLANG_WARN_SUSPICIOUS_MOVE = YES;
				CLANG_WARN_UNGUARDED_AVAILABILITY = YES_AGGRESSIVE;
				CLANG_WARN_UNREACHABLE_CODE = YES;
				CLANG_WARN__DUPLICATE_METHOD_MATCH = YES;
				COPY_PHASE_STRIP = NO;
				DEBUG_INFORMATION_FORMAT = "dwarf-with-dsym";
				ENABLE_NS_ASSERTIONS = NO;
				ENABLE_STRICT_OBJC_MSGSEND = YES;
				ENABLE_USER_SCRIPT_SANDBOXING = YES;
				GCC_C_LANGUAGE_STANDARD = gnu17;
				GCC_NO_COMMON_BLOCKS = YES;
				GCC_WARN_64_TO_32_BIT_CONVERSION = YES;
				GCC_WARN_ABOUT_RETURN_TYPE = YES_ERROR;
				GCC_WARN_UNDECLARED_SELECTOR = YES;
				GCC_WARN_UNINITIALIZED_AUTOS = YES_AGGRESSIVE;
				GCC_WARN_UNUSED_FUNCTION = YES;
				GCC_WARN_UNUSED_VARIABLE = YES;
				IPHONEOS_DEPLOYMENT_TARGET = 17.0;
				LOCALIZATION_PREFERS_STRING_CATALOGS = YES;
				MTL_ENABLE_DEBUG_INFO = NO;
				MTL_FAST_MATH = YES;
				SDKROOT = iphoneos;
				SWIFT_COMPILATION_MODE = wholemodule;
				VALIDATE_PRODUCT = YES;
			};
			name = Release;
		};
		G1000006 /* Debug */ = {
			isa = XCBuildConfiguration;
			buildSettings = {
				ASSETCATALOG_COMPILER_APPICON_NAME = AppIcon;
				ASSETCATALOG_COMPILER_GLOBAL_ACCENT_COLOR_NAME = AccentColor;
				CODE_SIGN_STYLE = Automatic;
				CURRENT_PROJECT_VERSION = 1;
				DEVELOPMENT_ASSET_PATHS = "\"Chatbox/Preview Content\"";
				ENABLE_PREVIEWS = YES;
				GENERATE_INFOPLIST_FILE = YES;
				INFOPLIST_KEY_CFBundleDisplayName = Scythe;
				INFOPLIST_KEY_UIApplicationSceneManifest_Generation = YES;
				INFOPLIST_KEY_UIApplicationSupportsIndirectInputEvents = YES;
				INFOPLIST_KEY_UILaunchScreen_Generation = YES;
				INFOPLIST_KEY_UISupportedInterfaceOrientations_iPad = "UIInterfaceOrientationPortrait UIInterfaceOrientationPortraitUpsideDown UIInterfaceOrientationLandscapeLeft UIInterfaceOrientationLandscapeRight";
				INFOPLIST_KEY_UISupportedInterfaceOrientations_iPhone = "UIInterfaceOrientationPortrait UIInterfaceOrientationLandscapeLeft UIInterfaceOrientationLandscapeRight";
				LD_RUNPATH_SEARCH_PATHS = (
					"$(inherited)",
					"@executable_path/Frameworks",
				);
				MARKETING_VERSION = 1.0;
				PRODUCT_BUNDLE_IDENTIFIER = com.scythe.app;
				PRODUCT_NAME = "$(TARGET_NAME)";
				SWIFT_EMIT_LOC_STRINGS = YES;
				SWIFT_VERSION = 5.0;
				TARGETED_DEVICE_FAMILY = "1,2";
			};
			name = Debug;
		};
		G1000007 /* Release */ = {
			isa = XCBuildConfiguration;
			buildSettings = {
				ASSETCATALOG_COMPILER_APPICON_NAME = AppIcon;
				ASSETCATALOG_COMPILER_GLOBAL_ACCENT_COLOR_NAME = AccentColor;
				CODE_SIGN_STYLE = Automatic;
				CURRENT_PROJECT_VERSION = 1;
				DEVELOPMENT_ASSET_PATHS = "\"Chatbox/Preview Content\"";
				ENABLE_PREVIEWS = YES;
				GENERATE_INFOPLIST_FILE = YES;
				INFOPLIST_KEY_CFBundleDisplayName = Scythe;
				INFOPLIST_KEY_UIApplicationSceneManifest_Generation = YES;
				INFOPLIST_KEY_UIApplicationSupportsIndirectInputEvents = YES;
				INFOPLIST_KEY_UILaunchScreen_Generation = YES;
				INFOPLIST_KEY_UISupportedInterfaceOrientations_iPad = "UIInterfaceOrientationPortrait UIInterfaceOrientationPortraitUpsideDown UIInterfaceOrientationLandscapeLeft UIInterfaceOrientationLandscapeRight";
				INFOPLIST_KEY_UISupportedInterfaceOrientations_iPhone = "UIInterfaceOrientationPortrait UIInterfaceOrientationLandscapeLeft UIInterfaceOrientationLandscapeRight";
				LD_RUNPATH_SEARCH_PATHS = (
					"$(inherited)",
					"@executable_path/Frameworks",
				);
				MARKETING_VERSION = 1.0;
				PRODUCT_BUNDLE_IDENTIFIER = com.scythe.app;
				PRODUCT_NAME = "$(TARGET_NAME)";
				SWIFT_EMIT_LOC_STRINGS = YES;
				SWIFT_VERSION = 5.0;
				TARGETED_DEVICE_FAMILY = "1,2";
			};
			name = Release;
		};
/* End XCBuildConfiguration section */

/* Begin XCConfigurationList section */
		G1000001 /* Build configuration list for PBXProject "Chatbox" */ = {
			isa = XCConfigurationList;
			buildConfigurations = (
				G1000004 /* Debug */,
				G1000005 /* Release */,
			);
			defaultConfigurationIsVisible = 0;
			defaultConfigurationName = Release;
		};
		G1000003 /* Build configuration list for PBXNativeTarget "Chatbox" */ = {
			isa = XCConfigurationList;
			buildConfigurations = (
				G1000006 /* Debug */,
				G1000007 /* Release */,
			);
			defaultConfigurationIsVisible = 0;
			defaultConfigurationName = Release;
		};
/* End XCConfigurationList section */
	};
	rootObject = H1000001 /* Project object */;
}
